
Microsoft Visual Studio Solution File, Format Version 12.00
# Visual Studio Version 17
VisualStudioVersion = 17.14.37328.6 d17.14
MinimumVisualStudioVersion = 10.0.40219.1
Project("{FAE04EC0-301F-11D3-BF4B-00C04F79EFBC}") = "06_Demo_ViewBag_Viewdata_TempData", "06_Demo_ViewBag_Viewdata_TempData.csproj", "{7D6D1FED-7910-4CC4-9C8D-F12FAF73ECD5}"
EndProject
Global
	GlobalSection(SolutionConfigurationPlatforms) = preSolution
		Debug|Any CPU = Debug|Any CPU
		Release|Any CPU = Release|Any CPU
	EndGlobalSection
	GlobalSection(ProjectConfigurationPlatforms) = postSolution
		{7D6D1FED-7910-4CC4-9C8D-F12FAF73ECD5}.Debug|Any CPU.ActiveCfg = Debug|Any CPU
		{7D6D1FED-7910-4CC4-9C8D-F12FAF73ECD5}.Debug|Any CPU.Build.0 = Debug|Any CPU
		{7D6D1FED-7910-4CC4-9C8D-F12FAF73ECD5}.Release|Any CPU.ActiveCfg = Release|Any CPU
		{7D6D1FED-7910-4CC4-9C8D-F12FAF73ECD5}.Release|Any CPU.Build.0 = Release|Any CPU
	EndGlobalSection
	GlobalSection(SolutionProperties) = preSolution
		HideSolutionNode = FALSE
	EndGlobalSection
	GlobalSection(ExtensibilityGlobals) = postSolution
		SolutionGuid = {F55CA343-E6F9-4C75-A9C7-14D1DFEE2BD0}
	EndGlobalSection
EndGlobal
