
Microsoft Visual Studio Solution File, Format Version 12.00
# Visual Studio Version 17
VisualStudioVersion = 17.14.37328.6
MinimumVisualStudioVersion = 10.0.40219.1
Project("{FAE04EC0-301F-11D3-BF4B-00C04F79EFBC}") = "01_Demo", "01_Demo\01_Demo.csproj", "{1DA04FFE-C72D-4423-B9AE-6D83F45E29A0}"
EndProject
Project("{FAE04EC0-301F-11D3-BF4B-00C04F79EFBC}") = "02_Demo", "02_Demo\02_Demo.csproj", "{F551189A-92D8-48D7-BFD7-445A38816847}"
EndProject
Project("{FAE04EC0-301F-11D3-BF4B-00C04F79EFBC}") = "03_Demo_DataTypes", "03_Demo_DataTypes\03_Demo_DataTypes.csproj", "{5D161BE1-97F2-4F9B-B975-F8C366B42663}"
EndProject
Project("{FAE04EC0-301F-11D3-BF4B-00C04F79EFBC}") = "04_OOPS", "04_OOPS\04_OOPS.csproj", "{AFAD3339-4E8D-4587-8AF9-72AB3C1A9BD0}"
EndProject
Project("{FAE04EC0-301F-11D3-BF4B-00C04F79EFBC}") = "05_Demo_OOPS", "05_Demo_OOPS\05_Demo_OOPS.csproj", "{0FF44C93-D9CF-458F-9429-3FE6C6693485}"
EndProject
Project("{FAE04EC0-301F-11D3-BF4B-00C04F79EFBC}") = "10_Demo_OOPS", "10_Demo_OOPS\10_Demo_OOPS.csproj", "{0EEA0D4A-60FA-4C21-B066-37AA44D22554}"
EndProject
Project("{FAE04EC0-301F-11D3-BF4B-00C04F79EFBC}") = "06_Demo_OOPS", "06_Demo_OOPS\06_Demo_OOPS.csproj", "{EA5D703F-A184-4BDE-A83E-67EBB9127CDD}"
EndProject
Project("{2150E333-8FDC-42A3-9474-1A3956D46DE8}") = "Solution Items", "Solution Items", "{8EC462FD-D22E-90A8-E5CE-7E832BA40C5D}"
EndProject
Project("{FAE04EC0-301F-11D3-BF4B-00C04F79EFBC}") = "07_Demo", "07_Demo\07_Demo.csproj", "{4EC42496-1352-4FF7-8833-21AC70FEE040}"
EndProject
Project("{FAE04EC0-301F-11D3-BF4B-00C04F79EFBC}") = "08_Demo", "08_Demo\08_Demo.csproj", "{A946349C-4A60-4C12-8953-B3FF93DC1DC4}"
EndProject
Project("{FAE04EC0-301F-11D3-BF4B-00C04F79EFBC}") = "09_Demo", "09_Demo\09_Demo.csproj", "{E34644E8-0B25-4406-8950-BE6FC8938E6D}"
EndProject
Project("{FAE04EC0-301F-11D3-BF4B-00C04F79EFBC}") = "11_Demo_OOPS", "11_Demo_OOPS\11_Demo_OOPS.csproj", "{F7AC8A3B-92FB-4873-BF26-8C64ACA0EBF2}"
EndProject
Project("{FAE04EC0-301F-11D3-BF4B-00C04F79EFBC}") = "12_Demo_OOPS", "12_Demo_OOPS\12_Demo_OOPS.csproj", "{510DE0DF-25E7-4309-B488-AD444789E814}"
EndProject
Project("{FAE04EC0-301F-11D3-BF4B-00C04F79EFBC}") = "13_DEMO_OOPS", "13_DEMO_OOPS\13_DEMO_OOPS.csproj", "{5A9527C0-CF73-4A41-AF42-A8BAF0AD6E6B}"
EndProject
Project("{FAE04EC0-301F-11D3-BF4B-00C04F79EFBC}") = "14_DEMO_ClsLibrary", "14_DEMO_ClsLibrary\14_DEMO_ClsLibrary.csproj", "{28ADFE7C-B167-44CD-B5AB-27E16C29B6D6}"
EndProject
Project("{FAE04EC0-301F-11D3-BF4B-00C04F79EFBC}") = "15DEMO_OOPS", "15DEMO_OOPS\15DEMO_OOPS.csproj", "{7ADA537D-4063-43D5-BAF4-8C883423B874}"
EndProject
Project("{FAE04EC0-301F-11D3-BF4B-00C04F79EFBC}") = "16Demo_OOPS", "16Demo_OOPS\16Demo_OOPS.csproj", "{EC51B199-CC9A-4F01-825B-718EC24676D3}"
EndProject
Project("{FAE04EC0-301F-11D3-BF4B-00C04F79EFBC}") = "18_DEMO_Delegate", "18_DEMO_Delegate\18_DEMO_Delegate.csproj", "{30AB6FBC-203C-4C6E-8CC4-BFF664CC5D8B}"
EndProject
Project("{FAE04EC0-301F-11D3-BF4B-00C04F79EFBC}") = "19_DEMO_Events_Delegates", "19_DEMO_Events_Delegates\19_DEMO_Events_Delegates.csproj", "{AB1A612E-4D09-4751-9A84-A20B249D5686}"
EndProject
Project("{FAE04EC0-301F-11D3-BF4B-00C04F79EFBC}") = "QuizAssignment", "QuizAssignment\QuizAssignment.csproj", "{614F7FC7-954E-436D-B42B-D4CC1001F4AB}"
EndProject
Project("{FAE04EC0-301F-11D3-BF4B-00C04F79EFBC}") = "20_DEMO_ObserverDesignPattern", "20_DEMO_ObserverDesignPattern\20_DEMO_ObserverDesignPattern.csproj", "{32D6381E-E16A-4C1E-91D0-FDAE12E0112C}"
EndProject
Project("{FAE04EC0-301F-11D3-BF4B-00C04F79EFBC}") = "21_DEMO_MultiCast_Delegate", "21_DEMO_MultiCast_Delegate\21_DEMO_MultiCast_Delegate.csproj", "{F6EE04DF-4026-4A6E-B3C8-89A6BE469BB1}"
EndProject
Project("{FAE04EC0-301F-11D3-BF4B-00C04F79EFBC}") = "23_Demo_Generic", "23_Demo_Generic\23_Demo_Generic.csproj", "{861E1058-8660-48F2-9BB7-B125D4254B63}"
EndProject
Project("{FAE04EC0-301F-11D3-BF4B-00C04F79EFBC}") = "22_Demo_Collections", "22_Demo_Collections\22_Demo_Collections.csproj", "{9D5D3004-B218-4761-9D6A-CDB2115F0C6F}"
EndProject
Project("{FAE04EC0-301F-11D3-BF4B-00C04F79EFBC}") = "24_Demo_Generic", "24_Demo_Generic\24_Demo_Generic.csproj", "{2BD6B4BF-B800-41CB-960F-1924B06A2729}"
EndProject
Project("{FAE04EC0-301F-11D3-BF4B-00C04F79EFBC}") = "25_Demo_Generic_Collections", "25_Demo_Generic_Collections\25_Demo_Generic_Collections.csproj", "{E4CB4CEB-BFB2-4BEC-B380-022434C6E7EB}"
EndProject
Project("{FAE04EC0-301F-11D3-BF4B-00C04F79EFBC}") = "27_Demo_Exception_Handling", "26_Demo_Exception_Handling\27_Demo_Exception_Handling.csproj", "{4968122C-F69D-4739-ACFD-482E19247DF3}"
EndProject
Project("{FAE04EC0-301F-11D3-BF4B-00C04F79EFBC}") = "28_Demo_FileIO", "28_Demo_FileIO\28_Demo_FileIO.csproj", "{0D3ADF89-11A7-4B9C-BA96-654080DDCE26}"
EndProject
Project("{FAE04EC0-301F-11D3-BF4B-00C04F79EFBC}") = "29_Demo_Binary_Serialization", "29_Demo_Binary_Serialization\29_Demo_Binary_Serialization.csproj", "{99C91356-A2C1-4838-9180-FEB310B6AAA7}"
EndProject
Project("{FAE04EC0-301F-11D3-BF4B-00C04F79EFBC}") = "30_Demo_Binary_Serialization", "30_Demo_Binary_Serialization\30_Demo_Binary_Serialization.csproj", "{89DCBEA9-A7DC-4D32-A3F1-72C7FAA63E2D}"
EndProject
Global
	GlobalSection(SolutionConfigurationPlatforms) = preSolution
		Debug|Any CPU = Debug|Any CPU
		Release|Any CPU = Release|Any CPU
	EndGlobalSection
	GlobalSection(ProjectConfigurationPlatforms) = postSolution
		{1DA04FFE-C72D-4423-B9AE-6D83F45E29A0}.Debug|Any CPU.ActiveCfg = Debug|Any CPU
		{1DA04FFE-C72D-4423-B9AE-6D83F45E29A0}.Debug|Any CPU.Build.0 = Debug|Any CPU
		{1DA04FFE-C72D-4423-B9AE-6D83F45E29A0}.Release|Any CPU.ActiveCfg = Release|Any CPU
		{1DA04FFE-C72D-4423-B9AE-6D83F45E29A0}.Release|Any CPU.Build.0 = Release|Any CPU
		{F551189A-92D8-48D7-BFD7-445A38816847}.Debug|Any CPU.ActiveCfg = Debug|Any CPU
		{F551189A-92D8-48D7-BFD7-445A38816847}.Debug|Any CPU.Build.0 = Debug|Any CPU
		{F551189A-92D8-48D7-BFD7-445A38816847}.Release|Any CPU.ActiveCfg = Release|Any CPU
		{F551189A-92D8-48D7-BFD7-445A38816847}.Release|Any CPU.Build.0 = Release|Any CPU
		{5D161BE1-97F2-4F9B-B975-F8C366B42663}.Debug|Any CPU.ActiveCfg = Debug|Any CPU
		{5D161BE1-97F2-4F9B-B975-F8C366B42663}.Debug|Any CPU.Build.0 = Debug|Any CPU
		{5D161BE1-97F2-4F9B-B975-F8C366B42663}.Release|Any CPU.ActiveCfg = Release|Any CPU
		{5D161BE1-97F2-4F9B-B975-F8C366B42663}.Release|Any CPU.Build.0 = Release|Any CPU
		{AFAD3339-4E8D-4587-8AF9-72AB3C1A9BD0}.Debug|Any CPU.ActiveCfg = Debug|Any CPU
		{AFAD3339-4E8D-4587-8AF9-72AB3C1A9BD0}.Debug|Any CPU.Build.0 = Debug|Any CPU
		{AFAD3339-4E8D-4587-8AF9-72AB3C1A9BD0}.Release|Any CPU.ActiveCfg = Release|Any CPU
		{AFAD3339-4E8D-4587-8AF9-72AB3C1A9BD0}.Release|Any CPU.Build.0 = Release|Any CPU
		{0FF44C93-D9CF-458F-9429-3FE6C6693485}.Debug|Any CPU.ActiveCfg = Debug|Any CPU
		{0FF44C93-D9CF-458F-9429-3FE6C6693485}.Debug|Any CPU.Build.0 = Debug|Any CPU
		{0FF44C93-D9CF-458F-9429-3FE6C6693485}.Release|Any CPU.ActiveCfg = Release|Any CPU
		{0FF44C93-D9CF-458F-9429-3FE6C6693485}.Release|Any CPU.Build.0 = Release|Any CPU
		{0EEA0D4A-60FA-4C21-B066-37AA44D22554}.Debug|Any CPU.ActiveCfg = Debug|Any CPU
		{0EEA0D4A-60FA-4C21-B066-37AA44D22554}.Debug|Any CPU.Build.0 = Debug|Any CPU
		{0EEA0D4A-60FA-4C21-B066-37AA44D22554}.Release|Any CPU.ActiveCfg = Release|Any CPU
		{0EEA0D4A-60FA-4C21-B066-37AA44D22554}.Release|Any CPU.Build.0 = Release|Any CPU
		{EA5D703F-A184-4BDE-A83E-67EBB9127CDD}.Debug|Any CPU.ActiveCfg = Debug|Any CPU
		{EA5D703F-A184-4BDE-A83E-67EBB9127CDD}.Debug|Any CPU.Build.0 = Debug|Any CPU
		{EA5D703F-A184-4BDE-A83E-67EBB9127CDD}.Release|Any CPU.ActiveCfg = Release|Any CPU
		{EA5D703F-A184-4BDE-A83E-67EBB9127CDD}.Release|Any CPU.Build.0 = Release|Any CPU
		{4EC42496-1352-4FF7-8833-21AC70FEE040}.Debug|Any CPU.ActiveCfg = Debug|Any CPU
		{4EC42496-1352-4FF7-8833-21AC70FEE040}.Debug|Any CPU.Build.0 = Debug|Any CPU
		{4EC42496-1352-4FF7-8833-21AC70FEE040}.Release|Any CPU.ActiveCfg = Release|Any CPU
		{4EC42496-1352-4FF7-8833-21AC70FEE040}.Release|Any CPU.Build.0 = Release|Any CPU
		{A946349C-4A60-4C12-8953-B3FF93DC1DC4}.Debug|Any CPU.ActiveCfg = Debug|Any CPU
		{A946349C-4A60-4C12-8953-B3FF93DC1DC4}.Debug|Any CPU.Build.0 = Debug|Any CPU
		{A946349C-4A60-4C12-8953-B3FF93DC1DC4}.Release|Any CPU.ActiveCfg = Release|Any CPU
		{A946349C-4A60-4C12-8953-B3FF93DC1DC4}.Release|Any CPU.Build.0 = Release|Any CPU
		{E34644E8-0B25-4406-8950-BE6FC8938E6D}.Debug|Any CPU.ActiveCfg = Debug|Any CPU
		{E34644E8-0B25-4406-8950-BE6FC8938E6D}.Debug|Any CPU.Build.0 = Debug|Any CPU
		{E34644E8-0B25-4406-8950-BE6FC8938E6D}.Release|Any CPU.ActiveCfg = Release|Any CPU
		{E34644E8-0B25-4406-8950-BE6FC8938E6D}.Release|Any CPU.Build.0 = Release|Any CPU
		{F7AC8A3B-92FB-4873-BF26-8C64ACA0EBF2}.Debug|Any CPU.ActiveCfg = Debug|Any CPU
		{F7AC8A3B-92FB-4873-BF26-8C64ACA0EBF2}.Debug|Any CPU.Build.0 = Debug|Any CPU
		{F7AC8A3B-92FB-4873-BF26-8C64ACA0EBF2}.Release|Any CPU.ActiveCfg = Release|Any CPU
		{F7AC8A3B-92FB-4873-BF26-8C64ACA0EBF2}.Release|Any CPU.Build.0 = Release|Any CPU
		{510DE0DF-25E7-4309-B488-AD444789E814}.Debug|Any CPU.ActiveCfg = Debug|Any CPU
		{510DE0DF-25E7-4309-B488-AD444789E814}.Debug|Any CPU.Build.0 = Debug|Any CPU
		{510DE0DF-25E7-4309-B488-AD444789E814}.Release|Any CPU.ActiveCfg = Release|Any CPU
		{510DE0DF-25E7-4309-B488-AD444789E814}.Release|Any CPU.Build.0 = Release|Any CPU
		{5A9527C0-CF73-4A41-AF42-A8BAF0AD6E6B}.Debug|Any CPU.ActiveCfg = Debug|Any CPU
		{5A9527C0-CF73-4A41-AF42-A8BAF0AD6E6B}.Debug|Any CPU.Build.0 = Debug|Any CPU
		{5A9527C0-CF73-4A41-AF42-A8BAF0AD6E6B}.Release|Any CPU.ActiveCfg = Release|Any CPU
		{5A9527C0-CF73-4A41-AF42-A8BAF0AD6E6B}.Release|Any CPU.Build.0 = Release|Any CPU
		{28ADFE7C-B167-44CD-B5AB-27E16C29B6D6}.Debug|Any CPU.ActiveCfg = Debug|Any CPU
		{28ADFE7C-B167-44CD-B5AB-27E16C29B6D6}.Debug|Any CPU.Build.0 = Debug|Any CPU
		{28ADFE7C-B167-44CD-B5AB-27E16C29B6D6}.Release|Any CPU.ActiveCfg = Release|Any CPU
		{28ADFE7C-B167-44CD-B5AB-27E16C29B6D6}.Release|Any CPU.Build.0 = Release|Any CPU
		{7ADA537D-4063-43D5-BAF4-8C883423B874}.Debug|Any CPU.ActiveCfg = Debug|Any CPU
		{7ADA537D-4063-43D5-BAF4-8C883423B874}.Debug|Any CPU.Build.0 = Debug|Any CPU
		{7ADA537D-4063-43D5-BAF4-8C883423B874}.Release|Any CPU.ActiveCfg = Release|Any CPU
		{7ADA537D-4063-43D5-BAF4-8C883423B874}.Release|Any CPU.Build.0 = Release|Any CPU
		{EC51B199-CC9A-4F01-825B-718EC24676D3}.Debug|Any CPU.ActiveCfg = Debug|Any CPU
		{EC51B199-CC9A-4F01-825B-718EC24676D3}.Debug|Any CPU.Build.0 = Debug|Any CPU
		{EC51B199-CC9A-4F01-825B-718EC24676D3}.Release|Any CPU.ActiveCfg = Release|Any CPU
		{EC51B199-CC9A-4F01-825B-718EC24676D3}.Release|Any CPU.Build.0 = Release|Any CPU
		{30AB6FBC-203C-4C6E-8CC4-BFF664CC5D8B}.Debug|Any CPU.ActiveCfg = Debug|Any CPU
		{30AB6FBC-203C-4C6E-8CC4-BFF664CC5D8B}.Debug|Any CPU.Build.0 = Debug|Any CPU
		{30AB6FBC-203C-4C6E-8CC4-BFF664CC5D8B}.Release|Any CPU.ActiveCfg = Release|Any CPU
		{30AB6FBC-203C-4C6E-8CC4-BFF664CC5D8B}.Release|Any CPU.Build.0 = Release|Any CPU
		{AB1A612E-4D09-4751-9A84-A20B249D5686}.Debug|Any CPU.ActiveCfg = Debug|Any CPU
		{AB1A612E-4D09-4751-9A84-A20B249D5686}.Debug|Any CPU.Build.0 = Debug|Any CPU
		{AB1A612E-4D09-4751-9A84-A20B249D5686}.Release|Any CPU.ActiveCfg = Release|Any CPU
		{AB1A612E-4D09-4751-9A84-A20B249D5686}.Release|Any CPU.Build.0 = Release|Any CPU
		{614F7FC7-954E-436D-B42B-D4CC1001F4AB}.Debug|Any CPU.ActiveCfg = Debug|Any CPU
		{614F7FC7-954E-436D-B42B-D4CC1001F4AB}.Debug|Any CPU.Build.0 = Debug|Any CPU
		{614F7FC7-954E-436D-B42B-D4CC1001F4AB}.Release|Any CPU.ActiveCfg = Release|Any CPU
		{614F7FC7-954E-436D-B42B-D4CC1001F4AB}.Release|Any CPU.Build.0 = Release|Any CPU
		{32D6381E-E16A-4C1E-91D0-FDAE12E0112C}.Debug|Any CPU.ActiveCfg = Debug|Any CPU
		{32D6381E-E16A-4C1E-91D0-FDAE12E0112C}.Debug|Any CPU.Build.0 = Debug|Any CPU
		{32D6381E-E16A-4C1E-91D0-FDAE12E0112C}.Release|Any CPU.ActiveCfg = Release|Any CPU
		{32D6381E-E16A-4C1E-91D0-FDAE12E0112C}.Release|Any CPU.Build.0 = Release|Any CPU
		{F6EE04DF-4026-4A6E-B3C8-89A6BE469BB1}.Debug|Any CPU.ActiveCfg = Debug|Any CPU
		{F6EE04DF-4026-4A6E-B3C8-89A6BE469BB1}.Debug|Any CPU.Build.0 = Debug|Any CPU
		{F6EE04DF-4026-4A6E-B3C8-89A6BE469BB1}.Release|Any CPU.ActiveCfg = Release|Any CPU
		{F6EE04DF-4026-4A6E-B3C8-89A6BE469BB1}.Release|Any CPU.Build.0 = Release|Any CPU
		{861E1058-8660-48F2-9BB7-B125D4254B63}.Debug|Any CPU.ActiveCfg = Debug|Any CPU
		{861E1058-8660-48F2-9BB7-B125D4254B63}.Debug|Any CPU.Build.0 = Debug|Any CPU
		{861E1058-8660-48F2-9BB7-B125D4254B63}.Release|Any CPU.ActiveCfg = Release|Any CPU
		{861E1058-8660-48F2-9BB7-B125D4254B63}.Release|Any CPU.Build.0 = Release|Any CPU
		{9D5D3004-B218-4761-9D6A-CDB2115F0C6F}.Debug|Any CPU.ActiveCfg = Debug|Any CPU
		{9D5D3004-B218-4761-9D6A-CDB2115F0C6F}.Debug|Any CPU.Build.0 = Debug|Any CPU
		{9D5D3004-B218-4761-9D6A-CDB2115F0C6F}.Release|Any CPU.ActiveCfg = Release|Any CPU
		{9D5D3004-B218-4761-9D6A-CDB2115F0C6F}.Release|Any CPU.Build.0 = Release|Any CPU
		{2BD6B4BF-B800-41CB-960F-1924B06A2729}.Debug|Any CPU.ActiveCfg = Debug|Any CPU
		{2BD6B4BF-B800-41CB-960F-1924B06A2729}.Debug|Any CPU.Build.0 = Debug|Any CPU
		{2BD6B4BF-B800-41CB-960F-1924B06A2729}.Release|Any CPU.ActiveCfg = Release|Any CPU
		{2BD6B4BF-B800-41CB-960F-1924B06A2729}.Release|Any CPU.Build.0 = Release|Any CPU
		{E4CB4CEB-BFB2-4BEC-B380-022434C6E7EB}.Debug|Any CPU.ActiveCfg = Debug|Any CPU
		{E4CB4CEB-BFB2-4BEC-B380-022434C6E7EB}.Debug|Any CPU.Build.0 = Debug|Any CPU
		{E4CB4CEB-BFB2-4BEC-B380-022434C6E7EB}.Release|Any CPU.ActiveCfg = Release|Any CPU
		{E4CB4CEB-BFB2-4BEC-B380-022434C6E7EB}.Release|Any CPU.Build.0 = Release|Any CPU
		{4968122C-F69D-4739-ACFD-482E19247DF3}.Debug|Any CPU.ActiveCfg = Debug|Any CPU
		{4968122C-F69D-4739-ACFD-482E19247DF3}.Debug|Any CPU.Build.0 = Debug|Any CPU
		{4968122C-F69D-4739-ACFD-482E19247DF3}.Release|Any CPU.ActiveCfg = Release|Any CPU
		{4968122C-F69D-4739-ACFD-482E19247DF3}.Release|Any CPU.Build.0 = Release|Any CPU
		{0D3ADF89-11A7-4B9C-BA96-654080DDCE26}.Debug|Any CPU.ActiveCfg = Debug|Any CPU
		{0D3ADF89-11A7-4B9C-BA96-654080DDCE26}.Debug|Any CPU.Build.0 = Debug|Any CPU
		{0D3ADF89-11A7-4B9C-BA96-654080DDCE26}.Release|Any CPU.ActiveCfg = Release|Any CPU
		{0D3ADF89-11A7-4B9C-BA96-654080DDCE26}.Release|Any CPU.Build.0 = Release|Any CPU
		{99C91356-A2C1-4838-9180-FEB310B6AAA7}.Debug|Any CPU.ActiveCfg = Debug|Any CPU
		{99C91356-A2C1-4838-9180-FEB310B6AAA7}.Debug|Any CPU.Build.0 = Debug|Any CPU
		{99C91356-A2C1-4838-9180-FEB310B6AAA7}.Release|Any CPU.ActiveCfg = Release|Any CPU
		{99C91356-A2C1-4838-9180-FEB310B6AAA7}.Release|Any CPU.Build.0 = Release|Any CPU
		{89DCBEA9-A7DC-4D32-A3F1-72C7FAA63E2D}.Debug|Any CPU.ActiveCfg = Debug|Any CPU
		{89DCBEA9-A7DC-4D32-A3F1-72C7FAA63E2D}.Debug|Any CPU.Build.0 = Debug|Any CPU
		{89DCBEA9-A7DC-4D32-A3F1-72C7FAA63E2D}.Release|Any CPU.ActiveCfg = Release|Any CPU
		{89DCBEA9-A7DC-4D32-A3F1-72C7FAA63E2D}.Release|Any CPU.Build.0 = Release|Any CPU
	EndGlobalSection
	GlobalSection(SolutionProperties) = preSolution
		HideSolutionNode = FALSE
	EndGlobalSection
	GlobalSection(NestedProjects) = preSolution
		{89DCBEA9-A7DC-4D32-A3F1-72C7FAA63E2D} = {8EC462FD-D22E-90A8-E5CE-7E832BA40C5D}
	EndGlobalSection
	GlobalSection(ExtensibilityGlobals) = postSolution
		SolutionGuid = {30640A77-00ED-43A3-9F40-C4C82B033DAE}
	EndGlobalSection
EndGlobal
