
Microsoft Visual Studio Solution File, Format Version 12.00
# Visual Studio Version 17
VisualStudioVersion = 17.14.37328.6 d17.14
MinimumVisualStudioVersion = 10.0.40219.1
Project("{FAE04EC0-301F-11D3-BF4B-00C04F79EFBC}") = "EMSystem", "EMSystem.csproj", "{1453F443-5538-49E2-9CE8-469723B1CFB6}"
EndProject
Global
	GlobalSection(SolutionConfigurationPlatforms) = preSolution
		Debug|Any CPU = Debug|Any CPU
		Release|Any CPU = Release|Any CPU
	EndGlobalSection
	GlobalSection(ProjectConfigurationPlatforms) = postSolution
		{1453F443-5538-49E2-9CE8-469723B1CFB6}.Debug|Any CPU.ActiveCfg = Debug|Any CPU
		{1453F443-5538-49E2-9CE8-469723B1CFB6}.Debug|Any CPU.Build.0 = Debug|Any CPU
		{1453F443-5538-49E2-9CE8-469723B1CFB6}.Release|Any CPU.ActiveCfg = Release|Any CPU
		{1453F443-5538-49E2-9CE8-469723B1CFB6}.Release|Any CPU.Build.0 = Release|Any CPU
	EndGlobalSection
	GlobalSection(SolutionProperties) = preSolution
		HideSolutionNode = FALSE
	EndGlobalSection
	GlobalSection(ExtensibilityGlobals) = postSolution
		SolutionGuid = {DB1B3274-A2A5-425C-BCD8-E418DE4CF355}
	EndGlobalSection
EndGlobal
