
Microsoft Visual Studio Solution File, Format Version 12.00
# Visual Studio Version 17
VisualStudioVersion = 17.14.37328.6 d17.14
MinimumVisualStudioVersion = 10.0.40219.1
Project("{FAE04EC0-301F-11D3-BF4B-00C04F79EFBC}") = "EMS", "EMS.csproj", "{8BBF4DA5-D92F-4C89-9E4B-FB45249107A9}"
EndProject
Global
	GlobalSection(SolutionConfigurationPlatforms) = preSolution
		Debug|Any CPU = Debug|Any CPU
		Release|Any CPU = Release|Any CPU
	EndGlobalSection
	GlobalSection(ProjectConfigurationPlatforms) = postSolution
		{8BBF4DA5-D92F-4C89-9E4B-FB45249107A9}.Debug|Any CPU.ActiveCfg = Debug|Any CPU
		{8BBF4DA5-D92F-4C89-9E4B-FB45249107A9}.Debug|Any CPU.Build.0 = Debug|Any CPU
		{8BBF4DA5-D92F-4C89-9E4B-FB45249107A9}.Release|Any CPU.ActiveCfg = Release|Any CPU
		{8BBF4DA5-D92F-4C89-9E4B-FB45249107A9}.Release|Any CPU.Build.0 = Release|Any CPU
	EndGlobalSection
	GlobalSection(SolutionProperties) = preSolution
		HideSolutionNode = FALSE
	EndGlobalSection
	GlobalSection(ExtensibilityGlobals) = postSolution
		SolutionGuid = {6681DB22-C0D9-4747-85C6-C72FDF2FC530}
	EndGlobalSection
EndGlobal
