
Microsoft Visual Studio Solution File, Format Version 12.00
# Visual Studio Version 17
VisualStudioVersion = 17.14.37328.6 d17.14
MinimumVisualStudioVersion = 10.0.40219.1
Project("{FAE04EC0-301F-11D3-BF4B-00C04F79EFBC}") = "Student", "Student.csproj", "{6014C619-1D6F-40C3-814D-A7B3328E974B}"
EndProject
Global
	GlobalSection(SolutionConfigurationPlatforms) = preSolution
		Debug|Any CPU = Debug|Any CPU
		Release|Any CPU = Release|Any CPU
	EndGlobalSection
	GlobalSection(ProjectConfigurationPlatforms) = postSolution
		{6014C619-1D6F-40C3-814D-A7B3328E974B}.Debug|Any CPU.ActiveCfg = Debug|Any CPU
		{6014C619-1D6F-40C3-814D-A7B3328E974B}.Debug|Any CPU.Build.0 = Debug|Any CPU
		{6014C619-1D6F-40C3-814D-A7B3328E974B}.Release|Any CPU.ActiveCfg = Release|Any CPU
		{6014C619-1D6F-40C3-814D-A7B3328E974B}.Release|Any CPU.Build.0 = Release|Any CPU
	EndGlobalSection
	GlobalSection(SolutionProperties) = preSolution
		HideSolutionNode = FALSE
	EndGlobalSection
	GlobalSection(ExtensibilityGlobals) = postSolution
		SolutionGuid = {DFCB354C-67EA-45E9-8618-2C80D2DEA37F}
	EndGlobalSection
EndGlobal
